<?xml version="1.0" encoding="utf-8"?>
<Project ToolsVersion="4.0" xmlns="http://schemas.microsoft.com/developer/msbuild/2003">
  <ItemGroup>
    <ClInclude Include="DemoApp.h" />
    <ClInclude Include="DemoBase.h" />
    <ClInclude Include="Camera.h">
      <Filter>Utility</Filter>
    </ClInclude>
    <ClInclude Include="D3DUtil.h">
      <Filter>Utility</Filter>
    </ClInclude>
    <ClInclude Include="GameTimer.h">
      <Filter>Utility</Filter>
    </ClInclude>
    <ClInclude Include="MathUtility.h">
      <Filter>Utility</Filter>
    </ClInclude>
    <ClInclude Include="AABB.h">
      <Filter>Geometry</Filter>
    </ClInclude>
    <ClInclude Include="BoundingSphere.h">
      <Filter>Geometry</Filter>
    </ClInclude>
    <ClInclude Include="Frustum.h">
      <Filter>Geometry</Filter>
    </ClInclude>
    <ClInclude Include="GeoGenerator.h">
      <Filter>Geometry</Filter>
    </ClInclude>
    <ClInclude Include="RenderStates.h">
      <Filter>StateObjects</Filter>
    </ClInclude>
    <ClInclude Include="Vertex.h">
      <Filter>StateObjects</Filter>
    </ClInclude>
    <ClInclude Include="CascadedShadowMap.h">
      <Filter>Effects</Filter>
    </ClInclude>
    <ClInclude Include="SkyBox.h">
      <Filter>Effects</Filter>
    </ClInclude>
    <ClInclude Include="ShadowMap.h">
      <Filter>Effects</Filter>
    </ClInclude>
    <ClInclude Include="Light.h">
      <Filter>Effects</Filter>
    </ClInclude>
  </ItemGroup>
  <ItemGroup>
    <ClCompile Include="DemoApp.cpp" />
    <ClCompile Include="DemoBase.cpp" />
    <ClCompile Include="Entry.cpp" />
    <ClCompile Include="Camera.cpp">
      <Filter>Utility</Filter>
    </ClCompile>
    <ClCompile Include="D3DUtil.cpp">
      <Filter>Utility</Filter>
    </ClCompile>
    <ClCompile Include="GameTimer.cpp">
      <Filter>Utility</Filter>
    </ClCompile>
    <ClCompile Include="MathUtility.cpp">
      <Filter>Utility</Filter>
    </ClCompile>
    <ClCompile Include="AABB.cpp">
      <Filter>Geometry</Filter>
    </ClCompile>
    <ClCompile Include="BoundingSphere.cpp">
      <Filter>Geometry</Filter>
    </ClCompile>
    <ClCompile Include="Frustum.cpp">
      <Filter>Geometry</Filter>
    </ClCompile>
    <ClCompile Include="GeoGenerator.cpp">
      <Filter>Geometry</Filter>
    </ClCompile>
    <ClCompile Include="RenderStates.cpp">
      <Filter>StateObjects</Filter>
    </ClCompile>
    <ClCompile Include="Vertex.cpp">
      <Filter>StateObjects</Filter>
    </ClCompile>
    <ClCompile Include="CascadedShadowMap.cpp">
      <Filter>Effects</Filter>
    </ClCompile>
    <ClCompile Include="SkyBox.cpp">
      <Filter>Effects</Filter>
    </ClCompile>
    <ClCompile Include="ShadowMap.cpp">
      <Filter>Effects</Filter>
    </ClCompile>
  </ItemGroup>
  <ItemGroup>
    <Filter Include="Shaders">
      <UniqueIdentifier>{ec3d9ed6-f7ae-4455-bf26-a86c8960044d}</UniqueIdentifier>
    </Filter>
    <Filter Include="Utility">
      <UniqueIdentifier>{173b0f66-6200-4efd-850d-da974ae7ba17}</UniqueIdentifier>
    </Filter>
    <Filter Include="Geometry">
      <UniqueIdentifier>{361c9551-5567-4d50-a674-6de293413725}</UniqueIdentifier>
    </Filter>
    <Filter Include="Effects">
      <UniqueIdentifier>{932b90b6-9259-42d9-85fe-ed6796d54710}</UniqueIdentifier>
    </Filter>
    <Filter Include="StateObjects">
      <UniqueIdentifier>{4eaeec84-56ff-44cb-914e-cde1ea1e45b1}</UniqueIdentifier>
    </Filter>
  </ItemGroup>
  <ItemGroup>
    <FxCompile Include="Shaders\DemoShader.hlsl">
      <Filter>Shaders</Filter>
    </FxCompile>
    <FxCompile Include="Shaders\LightDef.hlsl">
      <Filter>Shaders</Filter>
    </FxCompile>
    <FxCompile Include="Shaders\SimpleLighting.hlsl">
      <Filter>Shaders</Filter>
    </FxCompile>
    <FxCompile Include="Shaders\GBufferShader.hlsl">
      <Filter>Shaders</Filter>
    </FxCompile>
  </ItemGroup>
</Project>